<?xml version="1.0" encoding="utf-8"?>
<Project ToolsVersion="4.0" xmlns="http://schemas.microsoft.com/developer/msbuild/2003">
  <ItemGroup>
    <Filter Include="Source Files">
      <UniqueIdentifier>{4FC737F1-C7A5-4376-A066-2A32D752A2FF}</UniqueIdentifier>
      <Extensions>cpp;c;cc;cxx;def;odl;idl;hpj;bat;asm;asmx</Extensions>
    </Filter>
    <Filter Include="Header Files">
      <UniqueIdentifier>{93995380-89BD-4b04-88EB-625FBE52EBFB}</UniqueIdentifier>
      <Extensions>h;hh;hpp;hxx;hm;inl;inc;ipp;xsd</Extensions>
    </Filter>
    <Filter Include="Resource Files">
      <UniqueIdentifier>{67DA6AB6-F800-4c08-8B7A-83BB121AAD01}</UniqueIdentifier>
      <Extensions>rc;ico;cur;bmp;dlg;rc2;rct;bin;rgs;gif;jpg;jpeg;jpe;resx;tiff;tif;png;wav;mfcribbon-ms</Extensions>
    </Filter>
  </ItemGroup>
  <ItemGroup>
    <ClCompile Include="Application.cpp">
      <Filter>Source Files</Filter>
    </ClCompile>
    <ClCompile Include="appSettings.cpp">
      <Filter>Source Files</Filter>
    </ClCompile>
    <ClCompile Include="Beam.cpp">
      <Filter>Source Files</Filter>
    </ClCompile>
    <ClCompile Include="BeamProperty.cpp">
      <Filter>Source Files</Filter>
    </ClCompile>
    <ClCompile Include="BmAngle.cpp">
      <Filter>Source Files</Filter>
    </ClCompile>
    <ClCompile Include="BmDistLoadG.cpp">
      <Filter>Source Files</Filter>
    </ClCompile>
    <ClCompile Include="BmDistLoadL.cpp">
      <Filter>Source Files</Filter>
    </ClCompile>
    <ClCompile Include="BmEndRelease.cpp">
      <Filter>Source Files</Filter>
    </ClCompile>
    <ClCompile Include="BmPreLoad.cpp">
      <Filter>Source Files</Filter>
    </ClCompile>
    <ClCompile Include="boolFunctions.cpp">
      <Filter>Source Files</Filter>
    </ClCompile>
    <ClCompile Include="computeSingleForceNext.cpp">
      <Filter>Source Files</Filter>
    </ClCompile>
    <ClCompile Include="CoordSys.cpp">
      <Filter>Source Files</Filter>
    </ClCompile>
    <ClCompile Include="exportModel.cpp">
      <Filter>Source Files</Filter>
    </ClCompile>
    <ClCompile Include="fileLoader.cpp">
      <Filter>Source Files</Filter>
    </ClCompile>
    <ClCompile Include="Flattening_Solver.cpp">
      <Filter>Source Files</Filter>
    </ClCompile>
    <ClCompile Include="ForceDensity_plates_converter.cpp">
      <Filter>Source Files</Filter>
    </ClCompile>
    <ClCompile Include="ForceDensitySolver.cpp">
      <Filter>Source Files</Filter>
    </ClCompile>
    <ClCompile Include="FormFindingDataSet.cpp">
      <Filter>Source Files</Filter>
    </ClCompile>
    <ClCompile Include="FreedomCase.cpp">
      <Filter>Source Files</Filter>
    </ClCompile>
    <ClCompile Include="GraphSplit.cpp">
      <Filter>Source Files</Filter>
    </ClCompile>
    <ClCompile Include="group.cpp">
      <Filter>Source Files</Filter>
    </ClCompile>
    <ClCompile Include="INI_io.cpp">
      <Filter>Source Files</Filter>
    </ClCompile>
    <ClCompile Include="Linear_Solver.cpp">
      <Filter>Source Files</Filter>
    </ClCompile>
    <ClCompile Include="load_attributes.cpp">
      <Filter>Source Files</Filter>
    </ClCompile>
    <ClCompile Include="LoadCase.cpp">
      <Filter>Source Files</Filter>
    </ClCompile>
    <ClCompile Include="LoadCaseCombination.cpp">
      <Filter>Source Files</Filter>
    </ClCompile>
    <ClCompile Include="LoadPattern.cpp">
      <Filter>Source Files</Filter>
    </ClCompile>
    <ClCompile Include="MainWindow.cpp">
      <Filter>Source Files</Filter>
    </ClCompile>
    <ClCompile Include="Model.cpp">
      <Filter>Source Files</Filter>
    </ClCompile>
    <ClCompile Include="Model_Reduced.cpp">
      <Filter>Source Files</Filter>
    </ClCompile>
    <ClCompile Include="ModelExporter.cpp">
      <Filter>Source Files</Filter>
    </ClCompile>
    <ClCompile Include="ModelExporter_Reduced.cpp">
      <Filter>Source Files</Filter>
    </ClCompile>
    <ClCompile Include="ModelLoader.cpp">
      <Filter>Source Files</Filter>
    </ClCompile>
    <ClCompile Include="ModelLoader_Reduced.cpp">
      <Filter>Source Files</Filter>
    </ClCompile>
    <ClCompile Include="ModelRenderer.cpp">
      <Filter>Source Files</Filter>
    </ClCompile>
    <ClCompile Include="NdForce.cpp">
      <Filter>Source Files</Filter>
    </ClCompile>
    <ClCompile Include="NdMoment.cpp">
      <Filter>Source Files</Filter>
    </ClCompile>
    <ClCompile Include="NdTemp.cpp">
      <Filter>Source Files</Filter>
    </ClCompile>
    <ClCompile Include="node.cpp">
      <Filter>Source Files</Filter>
    </ClCompile>
    <ClCompile Include="PlAngle.cpp">
      <Filter>Source Files</Filter>
    </ClCompile>
    <ClCompile Include="Plate.cpp">
      <Filter>Source Files</Filter>
    </ClCompile>
    <ClCompile Include="PlateProperty.cpp">
      <Filter>Source Files</Filter>
    </ClCompile>
    <ClCompile Include="PlGlobalLoad.cpp">
      <Filter>Source Files</Filter>
    </ClCompile>
    <ClCompile Include="PlPatchType.cpp">
      <Filter>Source Files</Filter>
    </ClCompile>
    <ClCompile Include="PlPreLoad.cpp">
      <Filter>Source Files</Filter>
    </ClCompile>
    <ClCompile Include="PlPressure.cpp">
      <Filter>Source Files</Filter>
    </ClCompile>
    <ClCompile Include="PlShear.cpp">
      <Filter>Source Files</Filter>
    </ClCompile>
    <ClCompile Include="Restraint.cpp">
      <Filter>Source Files</Filter>
    </ClCompile>
    <ClCompile Include="RigidGroup.cpp">
      <Filter>Source Files</Filter>
    </ClCompile>
    <ClCompile Include="Stage.cpp">
      <Filter>Source Files</Filter>
    </ClCompile>
    <ClCompile Include="stdafx.cpp">
      <Filter>Source Files</Filter>
    </ClCompile>
    <ClCompile Include="Straus_Constants.cpp">
      <Filter>Source Files</Filter>
    </ClCompile>
    <ClCompile Include="utilCode.cpp">
      <Filter>Source Files</Filter>
    </ClCompile>
    <ClCompile Include="WorkModel.cpp">
      <Filter>Source Files</Filter>
    </ClCompile>
    <ClCompile Include="workModel_Init.cpp">
      <Filter>Source Files</Filter>
    </ClCompile>
    <ClCompile Include="workModel_optimizeForce.cpp">
      <Filter>Source Files</Filter>
    </ClCompile>
    <ClCompile Include="workModel_Recompute.cpp">
      <Filter>Source Files</Filter>
    </ClCompile>
    <ClCompile Include="workModel_Structure.cpp">
      <Filter>Source Files</Filter>
    </ClCompile>
  </ItemGroup>
  <ItemGroup>
    <ClInclude Include="Application.h">
      <Filter>Header Files</Filter>
    </ClInclude>
    <ClInclude Include="appSettings.h">
      <Filter>Header Files</Filter>
    </ClInclude>
    <ClInclude Include="Beam.h">
      <Filter>Header Files</Filter>
    </ClInclude>
    <ClInclude Include="BeamProperty.h">
      <Filter>Header Files</Filter>
    </ClInclude>
    <ClInclude Include="BmAngle.h">
      <Filter>Header Files</Filter>
    </ClInclude>
    <ClInclude Include="BmDistLoadG.h">
      <Filter>Header Files</Filter>
    </ClInclude>
    <ClInclude Include="BmDistLoadL.h">
      <Filter>Header Files</Filter>
    </ClInclude>
    <ClInclude Include="BmEndRelease.h">
      <Filter>Header Files</Filter>
    </ClInclude>
    <ClInclude Include="BmPreLoad.h">
      <Filter>Header Files</Filter>
    </ClInclude>
    <ClInclude Include="BoolFunctions.h">
      <Filter>Header Files</Filter>
    </ClInclude>
    <ClInclude Include="CoordSys.h">
      <Filter>Header Files</Filter>
    </ClInclude>
    <ClInclude Include="fileLoader.h">
      <Filter>Header Files</Filter>
    </ClInclude>
    <ClInclude Include="Flattening_Solver.h">
      <Filter>Header Files</Filter>
    </ClInclude>
    <ClInclude Include="ForceDensitySolver.h">
      <Filter>Header Files</Filter>
    </ClInclude>
    <ClInclude Include="FormFindingDataSet.h">
      <Filter>Header Files</Filter>
    </ClInclude>
    <ClInclude Include="FreedomCase.h">
      <Filter>Header Files</Filter>
    </ClInclude>
    <ClInclude Include="GraphSplit.h">
      <Filter>Header Files</Filter>
    </ClInclude>
    <ClInclude Include="group.h">
      <Filter>Header Files</Filter>
    </ClInclude>
    <ClInclude Include="INI_io.h">
      <Filter>Header Files</Filter>
    </ClInclude>
    <ClInclude Include="Linear_Solver.h">
      <Filter>Header Files</Filter>
    </ClInclude>
    <ClInclude Include="LoadCase.h">
      <Filter>Header Files</Filter>
    </ClInclude>
    <ClInclude Include="LoadCaseCombination.h">
      <Filter>Header Files</Filter>
    </ClInclude>
    <ClInclude Include="LoadCaseCombinationItem.h">
      <Filter>Header Files</Filter>
    </ClInclude>
    <ClInclude Include="LoadPattern.h">
      <Filter>Header Files</Filter>
    </ClInclude>
    <ClInclude Include="MainWindow.h">
      <Filter>Header Files</Filter>
    </ClInclude>
    <ClInclude Include="MapTypesDef.h">
      <Filter>Header Files</Filter>
    </ClInclude>
    <ClInclude Include="Model.h">
      <Filter>Header Files</Filter>
    </ClInclude>
    <ClInclude Include="Model_Reduced.h">
      <Filter>Header Files</Filter>
    </ClInclude>
    <ClInclude Include="ModelExporter.h">
      <Filter>Header Files</Filter>
    </ClInclude>
    <ClInclude Include="ModelExporter_Reduced.h">
      <Filter>Header Files</Filter>
    </ClInclude>
    <ClInclude Include="ModelItemsDeclare.h">
      <Filter>Header Files</Filter>
    </ClInclude>
    <ClInclude Include="ModelItemsForwardDeclare.h">
      <Filter>Header Files</Filter>
    </ClInclude>
    <ClInclude Include="ModelLoader.h">
      <Filter>Header Files</Filter>
    </ClInclude>
    <ClInclude Include="ModelLoader_Reduced.h">
      <Filter>Header Files</Filter>
    </ClInclude>
    <ClInclude Include="ModelRenderer.h">
      <Filter>Header Files</Filter>
    </ClInclude>
    <ClInclude Include="NdForce.h">
      <Filter>Header Files</Filter>
    </ClInclude>
    <ClInclude Include="NdMoment.h">
      <Filter>Header Files</Filter>
    </ClInclude>
    <ClInclude Include="NdTemp.h">
      <Filter>Header Files</Filter>
    </ClInclude>
    <ClInclude Include="Node.h">
      <Filter>Header Files</Filter>
    </ClInclude>
    <ClInclude Include="PlAngle.h">
      <Filter>Header Files</Filter>
    </ClInclude>
    <ClInclude Include="Plate.h">
      <Filter>Header Files</Filter>
    </ClInclude>
    <ClInclude Include="PlateProperty.h">
      <Filter>Header Files</Filter>
    </ClInclude>
    <ClInclude Include="PlGlobalLoad.h">
      <Filter>Header Files</Filter>
    </ClInclude>
    <ClInclude Include="PlPatchType.h">
      <Filter>Header Files</Filter>
    </ClInclude>
    <ClInclude Include="PlPreLoad.h">
      <Filter>Header Files</Filter>
    </ClInclude>
    <ClInclude Include="PlPressure.h">
      <Filter>Header Files</Filter>
    </ClInclude>
    <ClInclude Include="PlShear.h">
      <Filter>Header Files</Filter>
    </ClInclude>
    <ClInclude Include="Restraint.h">
      <Filter>Header Files</Filter>
    </ClInclude>
    <ClInclude Include="RigidGroup.h">
      <Filter>Header Files</Filter>
    </ClInclude>
    <ClInclude Include="SharedFunctions.h">
      <Filter>Header Files</Filter>
    </ClInclude>
    <ClInclude Include="SharedVariables.h">
      <Filter>Header Files</Filter>
    </ClInclude>
    <ClInclude Include="Stage.h">
      <Filter>Header Files</Filter>
    </ClInclude>
    <ClInclude Include="stdafx.h">
      <Filter>Header Files</Filter>
    </ClInclude>
    <ClInclude Include="Straus_Constants.h">
      <Filter>Header Files</Filter>
    </ClInclude>
    <ClInclude Include="targetver.h">
      <Filter>Header Files</Filter>
    </ClInclude>
    <ClInclude Include="utilCode.h">
      <Filter>Header Files</Filter>
    </ClInclude>
    <ClInclude Include="WorkModel.h">
      <Filter>Header Files</Filter>
    </ClInclude>
  </ItemGroup>
</Project>